
Microsoft Visual Studio Solution File, Format Version 12.00
# Visual Studio 15
VisualStudioVersion = 15.0.28010.2019
MinimumVisualStudioVersion = 10.0.40219.1
Project("{2150E333-8FDC-42A3-9474-1A3956D46DE8}") = "src", "src", "{D0095920-C130-4968-8799-9CC0AC02649C}"
EndProject
Project("{2150E333-8FDC-42A3-9474-1A3956D46DE8}") = "docs", "docs", "{17BD904E-13D7-439D-91B2-D1ECD728F811}"
EndProject
Project("{2150E333-8FDC-42A3-9474-1A3956D46DE8}") = "tests", "tests", "{D2DA3D4D-C6E9-4B27-94EF-7A4F1306A868}"
	ProjectSection(SolutionItems) = preProject
		src\InsurSoft.Backend.Infra.Repository.PostgreSQL\Class1.cs = src\InsurSoft.Backend.Infra.Repository.PostgreSQL\Class1.cs
	EndProjectSection
EndProject
Project("{2150E333-8FDC-42A3-9474-1A3956D46DE8}") = "0 - Web", "0 - Web", "{C4480998-C586-4702-934B-4502AA4CB053}"
EndProject
Project("{2150E333-8FDC-42A3-9474-1A3956D46DE8}") = "1 - Shared", "1 - Shared", "{9703D889-BF1C-40BA-9598-4ECEFBEDA999}"
EndProject
Project("{2150E333-8FDC-42A3-9474-1A3956D46DE8}") = "0.1 - Api", "0.1 - Api", "{19C820C0-C50C-44A6-9878-94CD79EB95D4}"
EndProject
Project("{9A19103F-16F7-4668-BE54-9A1E7A4F7556}") = "InsurSoft.Backend.Web.Api", "src\InsurSoft.Backend.Web.Api\InsurSoft.Backend.Web.Api.csproj", "{8BD4F927-F487-4208-ADC4-7012E2D28FC3}"
EndProject
Project("{2150E333-8FDC-42A3-9474-1A3956D46DE8}") = "0.2 - Segurados", "0.2 - Segurados", "{354ED4DE-F500-459B-B1E5-DCAAA40EA17F}"
EndProject
Project("{2150E333-8FDC-42A3-9474-1A3956D46DE8}") = "2 - Infrastructure", "2 - Infrastructure", "{3377127B-0A5E-4C23-9EC5-C21D09C5B1E7}"
EndProject
Project("{9A19103F-16F7-4668-BE54-9A1E7A4F7556}") = "InsurSoft.Backend.Web.Segurados.Domain", "src\InsurSoft.Backend.Web.Segurados.Domain\InsurSoft.Backend.Web.Segurados.Domain.csproj", "{9551C9D4-8003-4CEB-8208-3A9B4CBA8276}"
EndProject
Project("{9A19103F-16F7-4668-BE54-9A1E7A4F7556}") = "InsurSoft.Backend.Web.Segurados.Application", "src\InsurSoft.Backend.Web.Segurados.Application\InsurSoft.Backend.Web.Segurados.Application.csproj", "{25DCC94A-9CD4-4DB0-ABA0-8E2518B22E1C}"
EndProject
Project("{9A19103F-16F7-4668-BE54-9A1E7A4F7556}") = "InsurSoft.Backend.Infra.Ioc", "src\InsurSoft.Backend.Infra.Ioc\InsurSoft.Backend.Infra.Ioc.csproj", "{F6719661-C407-4B01-BB79-798F9E7599B4}"
EndProject
Project("{9A19103F-16F7-4668-BE54-9A1E7A4F7556}") = "InsurSoft.Backend.Shared.Functional", "src\InsurSoft.Backend.Shared.Functional\InsurSoft.Backend.Shared.Functional.csproj", "{66D65D93-8023-4D6B-9685-237925483133}"
EndProject
Project("{2150E333-8FDC-42A3-9474-1A3956D46DE8}") = "Infra", "Infra", "{85642F08-7903-417B-8ABE-BC8A6D0E5CCE}"
EndProject
Project("{9A19103F-16F7-4668-BE54-9A1E7A4F7556}") = "InsurSoft.Backend.Web.Segurados.Infra.Ioc", "src\InsurSoft.Backend.Web.Segurados.Infra.Ioc\InsurSoft.Backend.Web.Segurados.Infra.Ioc.csproj", "{7C2CE0B5-0B1C-474D-95E3-88C56C3F4526}"
EndProject
Project("{9A19103F-16F7-4668-BE54-9A1E7A4F7556}") = "InsurSoft.Backend.Shared.Web", "src\InsurSoft.Backend.Shared.Web\InsurSoft.Backend.Shared.Web.csproj", "{E75ECA77-366E-4B23-9CB1-D0C95012945D}"
EndProject
Project("{9A19103F-16F7-4668-BE54-9A1E7A4F7556}") = "InsurSoft.Backend.Shared", "src\InsurSoft.Backend.Shared\InsurSoft.Backend.Shared.csproj", "{E0F414A8-011E-4DEA-893A-66347941B197}"
EndProject
Project("{9A19103F-16F7-4668-BE54-9A1E7A4F7556}") = "InsurSoft.Backend.Infra.Repository.PostgreSQL", "src\InsurSoft.Backend.Infra.Repository.PostgreSQL\InsurSoft.Backend.Infra.Repository.PostgreSQL.csproj", "{B074A1F0-C93E-464C-BDD2-93CEBDA193CD}"
EndProject
Project("{9A19103F-16F7-4668-BE54-9A1E7A4F7556}") = "InsurSoft.Backend.Infra.Shared", "src\InsurSoft.Backend.Infra.Shared\InsurSoft.Backend.Infra.Shared.csproj", "{7115944D-C1A5-4F91-A1DE-25146CE16270}"
EndProject
Global
	GlobalSection(SolutionConfigurationPlatforms) = preSolution
		Debug|Any CPU = Debug|Any CPU
		Release|Any CPU = Release|Any CPU
	EndGlobalSection
	GlobalSection(ProjectConfigurationPlatforms) = postSolution
		{8BD4F927-F487-4208-ADC4-7012E2D28FC3}.Debug|Any CPU.ActiveCfg = Debug|Any CPU
		{8BD4F927-F487-4208-ADC4-7012E2D28FC3}.Debug|Any CPU.Build.0 = Debug|Any CPU
		{8BD4F927-F487-4208-ADC4-7012E2D28FC3}.Release|Any CPU.ActiveCfg = Release|Any CPU
		{8BD4F927-F487-4208-ADC4-7012E2D28FC3}.Release|Any CPU.Build.0 = Release|Any CPU
		{9551C9D4-8003-4CEB-8208-3A9B4CBA8276}.Debug|Any CPU.ActiveCfg = Debug|Any CPU
		{9551C9D4-8003-4CEB-8208-3A9B4CBA8276}.Debug|Any CPU.Build.0 = Debug|Any CPU
		{9551C9D4-8003-4CEB-8208-3A9B4CBA8276}.Release|Any CPU.ActiveCfg = Release|Any CPU
		{9551C9D4-8003-4CEB-8208-3A9B4CBA8276}.Release|Any CPU.Build.0 = Release|Any CPU
		{25DCC94A-9CD4-4DB0-ABA0-8E2518B22E1C}.Debug|Any CPU.ActiveCfg = Debug|Any CPU
		{25DCC94A-9CD4-4DB0-ABA0-8E2518B22E1C}.Debug|Any CPU.Build.0 = Debug|Any CPU
		{25DCC94A-9CD4-4DB0-ABA0-8E2518B22E1C}.Release|Any CPU.ActiveCfg = Release|Any CPU
		{25DCC94A-9CD4-4DB0-ABA0-8E2518B22E1C}.Release|Any CPU.Build.0 = Release|Any CPU
		{F6719661-C407-4B01-BB79-798F9E7599B4}.Debug|Any CPU.ActiveCfg = Debug|Any CPU
		{F6719661-C407-4B01-BB79-798F9E7599B4}.Debug|Any CPU.Build.0 = Debug|Any CPU
		{F6719661-C407-4B01-BB79-798F9E7599B4}.Release|Any CPU.ActiveCfg = Release|Any CPU
		{F6719661-C407-4B01-BB79-798F9E7599B4}.Release|Any CPU.Build.0 = Release|Any CPU
		{66D65D93-8023-4D6B-9685-237925483133}.Debug|Any CPU.ActiveCfg = Debug|Any CPU
		{66D65D93-8023-4D6B-9685-237925483133}.Debug|Any CPU.Build.0 = Debug|Any CPU
		{66D65D93-8023-4D6B-9685-237925483133}.Release|Any CPU.ActiveCfg = Release|Any CPU
		{66D65D93-8023-4D6B-9685-237925483133}.Release|Any CPU.Build.0 = Release|Any CPU
		{7C2CE0B5-0B1C-474D-95E3-88C56C3F4526}.Debug|Any CPU.ActiveCfg = Debug|Any CPU
		{7C2CE0B5-0B1C-474D-95E3-88C56C3F4526}.Debug|Any CPU.Build.0 = Debug|Any CPU
		{7C2CE0B5-0B1C-474D-95E3-88C56C3F4526}.Release|Any CPU.ActiveCfg = Release|Any CPU
		{7C2CE0B5-0B1C-474D-95E3-88C56C3F4526}.Release|Any CPU.Build.0 = Release|Any CPU
		{E75ECA77-366E-4B23-9CB1-D0C95012945D}.Debug|Any CPU.ActiveCfg = Debug|Any CPU
		{E75ECA77-366E-4B23-9CB1-D0C95012945D}.Debug|Any CPU.Build.0 = Debug|Any CPU
		{E75ECA77-366E-4B23-9CB1-D0C95012945D}.Release|Any CPU.ActiveCfg = Release|Any CPU
		{E75ECA77-366E-4B23-9CB1-D0C95012945D}.Release|Any CPU.Build.0 = Release|Any CPU
		{E0F414A8-011E-4DEA-893A-66347941B197}.Debug|Any CPU.ActiveCfg = Debug|Any CPU
		{E0F414A8-011E-4DEA-893A-66347941B197}.Debug|Any CPU.Build.0 = Debug|Any CPU
		{E0F414A8-011E-4DEA-893A-66347941B197}.Release|Any CPU.ActiveCfg = Release|Any CPU
		{E0F414A8-011E-4DEA-893A-66347941B197}.Release|Any CPU.Build.0 = Release|Any CPU
		{B074A1F0-C93E-464C-BDD2-93CEBDA193CD}.Debug|Any CPU.ActiveCfg = Debug|Any CPU
		{B074A1F0-C93E-464C-BDD2-93CEBDA193CD}.Debug|Any CPU.Build.0 = Debug|Any CPU
		{B074A1F0-C93E-464C-BDD2-93CEBDA193CD}.Release|Any CPU.ActiveCfg = Release|Any CPU
		{B074A1F0-C93E-464C-BDD2-93CEBDA193CD}.Release|Any CPU.Build.0 = Release|Any CPU
		{7115944D-C1A5-4F91-A1DE-25146CE16270}.Debug|Any CPU.ActiveCfg = Debug|Any CPU
		{7115944D-C1A5-4F91-A1DE-25146CE16270}.Debug|Any CPU.Build.0 = Debug|Any CPU
		{7115944D-C1A5-4F91-A1DE-25146CE16270}.Release|Any CPU.ActiveCfg = Release|Any CPU
		{7115944D-C1A5-4F91-A1DE-25146CE16270}.Release|Any CPU.Build.0 = Release|Any CPU
	EndGlobalSection
	GlobalSection(SolutionProperties) = preSolution
		HideSolutionNode = FALSE
	EndGlobalSection
	GlobalSection(NestedProjects) = preSolution
		{C4480998-C586-4702-934B-4502AA4CB053} = {D0095920-C130-4968-8799-9CC0AC02649C}
		{9703D889-BF1C-40BA-9598-4ECEFBEDA999} = {D0095920-C130-4968-8799-9CC0AC02649C}
		{19C820C0-C50C-44A6-9878-94CD79EB95D4} = {C4480998-C586-4702-934B-4502AA4CB053}
		{8BD4F927-F487-4208-ADC4-7012E2D28FC3} = {19C820C0-C50C-44A6-9878-94CD79EB95D4}
		{354ED4DE-F500-459B-B1E5-DCAAA40EA17F} = {C4480998-C586-4702-934B-4502AA4CB053}
		{3377127B-0A5E-4C23-9EC5-C21D09C5B1E7} = {D0095920-C130-4968-8799-9CC0AC02649C}
		{9551C9D4-8003-4CEB-8208-3A9B4CBA8276} = {354ED4DE-F500-459B-B1E5-DCAAA40EA17F}
		{25DCC94A-9CD4-4DB0-ABA0-8E2518B22E1C} = {354ED4DE-F500-459B-B1E5-DCAAA40EA17F}
		{F6719661-C407-4B01-BB79-798F9E7599B4} = {3377127B-0A5E-4C23-9EC5-C21D09C5B1E7}
		{66D65D93-8023-4D6B-9685-237925483133} = {9703D889-BF1C-40BA-9598-4ECEFBEDA999}
		{85642F08-7903-417B-8ABE-BC8A6D0E5CCE} = {354ED4DE-F500-459B-B1E5-DCAAA40EA17F}
		{7C2CE0B5-0B1C-474D-95E3-88C56C3F4526} = {85642F08-7903-417B-8ABE-BC8A6D0E5CCE}
		{E75ECA77-366E-4B23-9CB1-D0C95012945D} = {9703D889-BF1C-40BA-9598-4ECEFBEDA999}
		{E0F414A8-011E-4DEA-893A-66347941B197} = {9703D889-BF1C-40BA-9598-4ECEFBEDA999}
		{B074A1F0-C93E-464C-BDD2-93CEBDA193CD} = {3377127B-0A5E-4C23-9EC5-C21D09C5B1E7}
		{7115944D-C1A5-4F91-A1DE-25146CE16270} = {3377127B-0A5E-4C23-9EC5-C21D09C5B1E7}
	EndGlobalSection
	GlobalSection(ExtensibilityGlobals) = postSolution
		SolutionGuid = {E8572840-64EE-43C5-96C1-6D6E8C17C877}
	EndGlobalSection
EndGlobal
