
Microsoft Visual Studio Solution File, Format Version 12.00
# Visual Studio 15
VisualStudioVersion = 15.0.28010.2019
MinimumVisualStudioVersion = 10.0.40219.1
Project("{2150E333-8FDC-42A3-9474-1A3956D46DE8}") = "src", "src", "{D0095920-C130-4968-8799-9CC0AC02649C}"
EndProject
Project("{2150E333-8FDC-42A3-9474-1A3956D46DE8}") = "docs", "docs", "{17BD904E-13D7-439D-91B2-D1ECD728F811}"
EndProject
Project("{2150E333-8FDC-42A3-9474-1A3956D46DE8}") = "tests", "tests", "{D2DA3D4D-C6E9-4B27-94EF-7A4F1306A868}"
EndProject
Project("{2150E333-8FDC-42A3-9474-1A3956D46DE8}") = "0 - Api", "0 - Api", "{C4480998-C586-4702-934B-4502AA4CB053}"
EndProject
Project("{9A19103F-16F7-4668-BE54-9A1E7A4F7556}") = "InsurSoft.Backend.Web.Api", "src\InsurSoft.Backend.Web.Api\InsurSoft.Backend.Web.Api.csproj", "{8BD4F927-F487-4208-ADC4-7012E2D28FC3}"
EndProject
Project("{9A19103F-16F7-4668-BE54-9A1E7A4F7556}") = "InsurSoft.Backend.Web.Segurados.Domain", "src\InsurSoft.Backend.Web.Segurados.Domain\InsurSoft.Backend.Web.Segurados.Domain.csproj", "{9551C9D4-8003-4CEB-8208-3A9B4CBA8276}"
EndProject
Project("{9A19103F-16F7-4668-BE54-9A1E7A4F7556}") = "InsurSoft.Backend.Web.Segurados.Application", "src\InsurSoft.Backend.Web.Segurados.Application\InsurSoft.Backend.Web.Segurados.Application.csproj", "{25DCC94A-9CD4-4DB0-ABA0-8E2518B22E1C}"
EndProject
Project("{9A19103F-16F7-4668-BE54-9A1E7A4F7556}") = "InsurSoft.Backend.Shared.Functional", "src\InsurSoft.Backend.Shared.Functional\InsurSoft.Backend.Shared.Functional.csproj", "{66D65D93-8023-4D6B-9685-237925483133}"
EndProject
Project("{9A19103F-16F7-4668-BE54-9A1E7A4F7556}") = "InsurSoft.Backend.Web.Seguros.Domain", "src\InsurSoft.Backend.Web.Seguros.Domain\InsurSoft.Backend.Web.Seguros.Domain.csproj", "{E9613270-3082-4F20-B3C0-BFAAF7332D30}"
EndProject
Project("{9A19103F-16F7-4668-BE54-9A1E7A4F7556}") = "InsurSoft.Backend.Web.Seguros.Application", "src\InsurSoft.Backend.Web.Seguros.Application\InsurSoft.Backend.Web.Seguros.Application.csproj", "{8125C84B-5771-456D-A9A7-33D306820EF4}"
EndProject
Project("{2150E333-8FDC-42A3-9474-1A3956D46DE8}") = "1 - Application Services", "1 - Application Services", "{FE246A09-00E1-4FD6-A361-AB4F2B5C7AB6}"
EndProject
Project("{2150E333-8FDC-42A3-9474-1A3956D46DE8}") = "2 - Domain Services", "2 - Domain Services", "{1B48E104-CB63-456B-BB2A-2248BC6858EC}"
EndProject
Project("{2150E333-8FDC-42A3-9474-1A3956D46DE8}") = "3 - Domain", "3 - Domain", "{9A26CB5D-0704-43BC-A160-0E368EBB10E2}"
EndProject
Project("{2150E333-8FDC-42A3-9474-1A3956D46DE8}") = "4 - Shared", "4 - Shared", "{4ABE1D3F-713C-4B74-B1B3-30E07090ACA6}"
EndProject
Project("{2150E333-8FDC-42A3-9474-1A3956D46DE8}") = "5 - Infrastructure", "5 - Infrastructure", "{3BA555F3-E307-46F4-8955-AA1223D30D73}"
EndProject
Project("{9A19103F-16F7-4668-BE54-9A1E7A4F7556}") = "InsurSoft.Backend.Infrastructure.Ioc", "src\InsurSoft.Backend.Infrastructure.Ioc\InsurSoft.Backend.Infrastructure.Ioc.csproj", "{CF77122F-8B25-4F46-8B3F-D434E3F86B77}"
EndProject
Project("{9A19103F-16F7-4668-BE54-9A1E7A4F7556}") = "InsurSoft.Backend.Infrastructure.Repositories.Raven", "src\InsurSoft.Backend.Infrastructure.Repositories.Raven\InsurSoft.Backend.Infrastructure.Repositories.Raven.csproj", "{759B6567-7185-4DFB-82D4-57905C9F586E}"
EndProject
Project("{9A19103F-16F7-4668-BE54-9A1E7A4F7556}") = "InsurSoft.Backend.Infrastructure", "src\InsurSoft.Backend.Infrastructure\InsurSoft.Backend.Infrastructure.csproj", "{BEB61264-D710-402F-B04C-3B84E290F184}"
EndProject
Project("{9A19103F-16F7-4668-BE54-9A1E7A4F7556}") = "InsurSoft.Backend.Shared", "src\InsurSoft.Backend.Shared\InsurSoft.Backend.Shared.csproj", "{69C7A62A-1778-4C97-9231-DFF046F8D35E}"
EndProject
Project("{9A19103F-16F7-4668-BE54-9A1E7A4F7556}") = "InsurSoft.Backend.Shared.Web", "src\InsurSoft.Backend.Shared.Web\InsurSoft.Backend.Shared.Web.csproj", "{15548AA9-C6FD-4287-98D2-BCE1A681A771}"
EndProject
Project("{FAE04EC0-301F-11D3-BF4B-00C04F79EFBC}") = "InsurSoft.Backend.Infrastructure.Repositories.Postgres", "src\InsurSoft.Backend.Infrastructure.Repositories.Postgres\InsurSoft.Backend.Infrastructure.Repositories.Postgres.csproj", "{5959F5D4-A311-4740-8786-2FEF6EF3C641}"
EndProject
Global
	GlobalSection(SolutionConfigurationPlatforms) = preSolution
		Debug|Any CPU = Debug|Any CPU
		Release|Any CPU = Release|Any CPU
	EndGlobalSection
	GlobalSection(ProjectConfigurationPlatforms) = postSolution
		{8BD4F927-F487-4208-ADC4-7012E2D28FC3}.Debug|Any CPU.ActiveCfg = Debug|Any CPU
		{8BD4F927-F487-4208-ADC4-7012E2D28FC3}.Debug|Any CPU.Build.0 = Debug|Any CPU
		{8BD4F927-F487-4208-ADC4-7012E2D28FC3}.Release|Any CPU.ActiveCfg = Release|Any CPU
		{8BD4F927-F487-4208-ADC4-7012E2D28FC3}.Release|Any CPU.Build.0 = Release|Any CPU
		{9551C9D4-8003-4CEB-8208-3A9B4CBA8276}.Debug|Any CPU.ActiveCfg = Debug|Any CPU
		{9551C9D4-8003-4CEB-8208-3A9B4CBA8276}.Debug|Any CPU.Build.0 = Debug|Any CPU
		{9551C9D4-8003-4CEB-8208-3A9B4CBA8276}.Release|Any CPU.ActiveCfg = Release|Any CPU
		{9551C9D4-8003-4CEB-8208-3A9B4CBA8276}.Release|Any CPU.Build.0 = Release|Any CPU
		{25DCC94A-9CD4-4DB0-ABA0-8E2518B22E1C}.Debug|Any CPU.ActiveCfg = Debug|Any CPU
		{25DCC94A-9CD4-4DB0-ABA0-8E2518B22E1C}.Debug|Any CPU.Build.0 = Debug|Any CPU
		{25DCC94A-9CD4-4DB0-ABA0-8E2518B22E1C}.Release|Any CPU.ActiveCfg = Release|Any CPU
		{25DCC94A-9CD4-4DB0-ABA0-8E2518B22E1C}.Release|Any CPU.Build.0 = Release|Any CPU
		{66D65D93-8023-4D6B-9685-237925483133}.Debug|Any CPU.ActiveCfg = Debug|Any CPU
		{66D65D93-8023-4D6B-9685-237925483133}.Debug|Any CPU.Build.0 = Debug|Any CPU
		{66D65D93-8023-4D6B-9685-237925483133}.Release|Any CPU.ActiveCfg = Release|Any CPU
		{66D65D93-8023-4D6B-9685-237925483133}.Release|Any CPU.Build.0 = Release|Any CPU
		{E9613270-3082-4F20-B3C0-BFAAF7332D30}.Debug|Any CPU.ActiveCfg = Debug|Any CPU
		{E9613270-3082-4F20-B3C0-BFAAF7332D30}.Debug|Any CPU.Build.0 = Debug|Any CPU
		{E9613270-3082-4F20-B3C0-BFAAF7332D30}.Release|Any CPU.ActiveCfg = Release|Any CPU
		{E9613270-3082-4F20-B3C0-BFAAF7332D30}.Release|Any CPU.Build.0 = Release|Any CPU
		{8125C84B-5771-456D-A9A7-33D306820EF4}.Debug|Any CPU.ActiveCfg = Debug|Any CPU
		{8125C84B-5771-456D-A9A7-33D306820EF4}.Debug|Any CPU.Build.0 = Debug|Any CPU
		{8125C84B-5771-456D-A9A7-33D306820EF4}.Release|Any CPU.ActiveCfg = Release|Any CPU
		{8125C84B-5771-456D-A9A7-33D306820EF4}.Release|Any CPU.Build.0 = Release|Any CPU
		{CF77122F-8B25-4F46-8B3F-D434E3F86B77}.Debug|Any CPU.ActiveCfg = Debug|Any CPU
		{CF77122F-8B25-4F46-8B3F-D434E3F86B77}.Debug|Any CPU.Build.0 = Debug|Any CPU
		{CF77122F-8B25-4F46-8B3F-D434E3F86B77}.Release|Any CPU.ActiveCfg = Release|Any CPU
		{CF77122F-8B25-4F46-8B3F-D434E3F86B77}.Release|Any CPU.Build.0 = Release|Any CPU
		{759B6567-7185-4DFB-82D4-57905C9F586E}.Debug|Any CPU.ActiveCfg = Debug|Any CPU
		{759B6567-7185-4DFB-82D4-57905C9F586E}.Debug|Any CPU.Build.0 = Debug|Any CPU
		{759B6567-7185-4DFB-82D4-57905C9F586E}.Release|Any CPU.ActiveCfg = Release|Any CPU
		{759B6567-7185-4DFB-82D4-57905C9F586E}.Release|Any CPU.Build.0 = Release|Any CPU
		{BEB61264-D710-402F-B04C-3B84E290F184}.Debug|Any CPU.ActiveCfg = Debug|Any CPU
		{BEB61264-D710-402F-B04C-3B84E290F184}.Debug|Any CPU.Build.0 = Debug|Any CPU
		{BEB61264-D710-402F-B04C-3B84E290F184}.Release|Any CPU.ActiveCfg = Release|Any CPU
		{BEB61264-D710-402F-B04C-3B84E290F184}.Release|Any CPU.Build.0 = Release|Any CPU
		{69C7A62A-1778-4C97-9231-DFF046F8D35E}.Debug|Any CPU.ActiveCfg = Debug|Any CPU
		{69C7A62A-1778-4C97-9231-DFF046F8D35E}.Debug|Any CPU.Build.0 = Debug|Any CPU
		{69C7A62A-1778-4C97-9231-DFF046F8D35E}.Release|Any CPU.ActiveCfg = Release|Any CPU
		{69C7A62A-1778-4C97-9231-DFF046F8D35E}.Release|Any CPU.Build.0 = Release|Any CPU
		{15548AA9-C6FD-4287-98D2-BCE1A681A771}.Debug|Any CPU.ActiveCfg = Debug|Any CPU
		{15548AA9-C6FD-4287-98D2-BCE1A681A771}.Debug|Any CPU.Build.0 = Debug|Any CPU
		{15548AA9-C6FD-4287-98D2-BCE1A681A771}.Release|Any CPU.ActiveCfg = Release|Any CPU
		{15548AA9-C6FD-4287-98D2-BCE1A681A771}.Release|Any CPU.Build.0 = Release|Any CPU
		{5959F5D4-A311-4740-8786-2FEF6EF3C641}.Debug|Any CPU.ActiveCfg = Debug|Any CPU
		{5959F5D4-A311-4740-8786-2FEF6EF3C641}.Debug|Any CPU.Build.0 = Debug|Any CPU
		{5959F5D4-A311-4740-8786-2FEF6EF3C641}.Release|Any CPU.ActiveCfg = Release|Any CPU
		{5959F5D4-A311-4740-8786-2FEF6EF3C641}.Release|Any CPU.Build.0 = Release|Any CPU
	EndGlobalSection
	GlobalSection(SolutionProperties) = preSolution
		HideSolutionNode = FALSE
	EndGlobalSection
	GlobalSection(NestedProjects) = preSolution
		{C4480998-C586-4702-934B-4502AA4CB053} = {D0095920-C130-4968-8799-9CC0AC02649C}
		{8BD4F927-F487-4208-ADC4-7012E2D28FC3} = {C4480998-C586-4702-934B-4502AA4CB053}
		{9551C9D4-8003-4CEB-8208-3A9B4CBA8276} = {9A26CB5D-0704-43BC-A160-0E368EBB10E2}
		{25DCC94A-9CD4-4DB0-ABA0-8E2518B22E1C} = {FE246A09-00E1-4FD6-A361-AB4F2B5C7AB6}
		{66D65D93-8023-4D6B-9685-237925483133} = {4ABE1D3F-713C-4B74-B1B3-30E07090ACA6}
		{E9613270-3082-4F20-B3C0-BFAAF7332D30} = {9A26CB5D-0704-43BC-A160-0E368EBB10E2}
		{8125C84B-5771-456D-A9A7-33D306820EF4} = {FE246A09-00E1-4FD6-A361-AB4F2B5C7AB6}
		{FE246A09-00E1-4FD6-A361-AB4F2B5C7AB6} = {D0095920-C130-4968-8799-9CC0AC02649C}
		{1B48E104-CB63-456B-BB2A-2248BC6858EC} = {D0095920-C130-4968-8799-9CC0AC02649C}
		{9A26CB5D-0704-43BC-A160-0E368EBB10E2} = {D0095920-C130-4968-8799-9CC0AC02649C}
		{4ABE1D3F-713C-4B74-B1B3-30E07090ACA6} = {D0095920-C130-4968-8799-9CC0AC02649C}
		{3BA555F3-E307-46F4-8955-AA1223D30D73} = {D0095920-C130-4968-8799-9CC0AC02649C}
		{CF77122F-8B25-4F46-8B3F-D434E3F86B77} = {3BA555F3-E307-46F4-8955-AA1223D30D73}
		{759B6567-7185-4DFB-82D4-57905C9F586E} = {3BA555F3-E307-46F4-8955-AA1223D30D73}
		{BEB61264-D710-402F-B04C-3B84E290F184} = {3BA555F3-E307-46F4-8955-AA1223D30D73}
		{69C7A62A-1778-4C97-9231-DFF046F8D35E} = {4ABE1D3F-713C-4B74-B1B3-30E07090ACA6}
		{15548AA9-C6FD-4287-98D2-BCE1A681A771} = {4ABE1D3F-713C-4B74-B1B3-30E07090ACA6}
		{5959F5D4-A311-4740-8786-2FEF6EF3C641} = {3BA555F3-E307-46F4-8955-AA1223D30D73}
	EndGlobalSection
	GlobalSection(ExtensibilityGlobals) = postSolution
		SolutionGuid = {E8572840-64EE-43C5-96C1-6D6E8C17C877}
	EndGlobalSection
EndGlobal
